
Microsoft Visual Studio Solution File, Format Version 12.00
# Visual Studio Version 17
VisualStudioVersion = 17.0.31903.59
MinimumVisualStudioVersion = 10.0.40219.1
Project("{2150E333-8FDC-42A3-9474-1A3956D46DE8}") = "src", "src", "{827E0CD3-B72D-47B6-A68D-7590B98EB39B}"
EndProject
Project("{FAE04EC0-301F-11D3-BF4B-00C04F79EFBC}") = "CoreGym.Domain", "src\CoreGym.Domain\CoreGym.Domain.csproj", "{91BE7A89-46AA-481D-90FD-EA8D7241AB84}"
EndProject
Project("{FAE04EC0-301F-11D3-BF4B-00C04F79EFBC}") = "CoreGym.Infrastructure", "src\CoreGym.Infrastructure\CoreGym.Infrastructure.csproj", "{20C45668-7757-45D8-82E8-1E31E89F48A6}"
EndProject
Project("{2150E333-8FDC-42A3-9474-1A3956D46DE8}") = "tests", "tests", "{0AB3BF05-4346-4AA6-1389-037BE0695223}"
EndProject
Project("{FAE04EC0-301F-11D3-BF4B-00C04F79EFBC}") = "CoreGym.Infrastructure.Tests", "tests\CoreGym.Infrastructure.Tests\CoreGym.Infrastructure.Tests.csproj", "{4E163D28-B231-4432-989F-8A84610F3A8E}"
EndProject
Project("{FAE04EC0-301F-11D3-BF4B-00C04F79EFBC}") = "CoreGym.Api", "src\CoreGym.Api\CoreGym.Api.csproj", "{8976312E-E24D-43DB-92D2-982414CCDF1A}"
EndProject
Project("{FAE04EC0-301F-11D3-BF4B-00C04F79EFBC}") = "CoreGym.Api.Tests", "tests\CoreGym.Api.Tests\CoreGym.Api.Tests.csproj", "{D31556B0-2878-4B7C-850B-1CABD855450F}"
EndProject
Global
	GlobalSection(SolutionConfigurationPlatforms) = preSolution
		Debug|Any CPU = Debug|Any CPU
		Debug|x64 = Debug|x64
		Debug|x86 = Debug|x86
		Release|Any CPU = Release|Any CPU
		Release|x64 = Release|x64
		Release|x86 = Release|x86
	EndGlobalSection
	GlobalSection(ProjectConfigurationPlatforms) = postSolution
		{91BE7A89-46AA-481D-90FD-EA8D7241AB84}.Debug|Any CPU.ActiveCfg = Debug|Any CPU
		{91BE7A89-46AA-481D-90FD-EA8D7241AB84}.Debug|Any CPU.Build.0 = Debug|Any CPU
		{91BE7A89-46AA-481D-90FD-EA8D7241AB84}.Debug|x64.ActiveCfg = Debug|Any CPU
		{91BE7A89-46AA-481D-90FD-EA8D7241AB84}.Debug|x64.Build.0 = Debug|Any CPU
		{91BE7A89-46AA-481D-90FD-EA8D7241AB84}.Debug|x86.ActiveCfg = Debug|Any CPU
		{91BE7A89-46AA-481D-90FD-EA8D7241AB84}.Debug|x86.Build.0 = Debug|Any CPU
		{91BE7A89-46AA-481D-90FD-EA8D7241AB84}.Release|Any CPU.ActiveCfg = Release|Any CPU
		{91BE7A89-46AA-481D-90FD-EA8D7241AB84}.Release|Any CPU.Build.0 = Release|Any CPU
		{91BE7A89-46AA-481D-90FD-EA8D7241AB84}.Release|x64.ActiveCfg = Release|Any CPU
		{91BE7A89-46AA-481D-90FD-EA8D7241AB84}.Release|x64.Build.0 = Release|Any CPU
		{91BE7A89-46AA-481D-90FD-EA8D7241AB84}.Release|x86.ActiveCfg = Release|Any CPU
		{91BE7A89-46AA-481D-90FD-EA8D7241AB84}.Release|x86.Build.0 = Release|Any CPU
		{20C45668-7757-45D8-82E8-1E31E89F48A6}.Debug|Any CPU.ActiveCfg = Debug|Any CPU
		{20C45668-7757-45D8-82E8-1E31E89F48A6}.Debug|Any CPU.Build.0 = Debug|Any CPU
		{20C45668-7757-45D8-82E8-1E31E89F48A6}.Debug|x64.ActiveCfg = Debug|Any CPU
		{20C45668-7757-45D8-82E8-1E31E89F48A6}.Debug|x64.Build.0 = Debug|Any CPU
		{20C45668-7757-45D8-82E8-1E31E89F48A6}.Debug|x86.ActiveCfg = Debug|Any CPU
		{20C45668-7757-45D8-82E8-1E31E89F48A6}.Debug|x86.Build.0 = Debug|Any CPU
		{20C45668-7757-45D8-82E8-1E31E89F48A6}.Release|Any CPU.ActiveCfg = Release|Any CPU
		{20C45668-7757-45D8-82E8-1E31E89F48A6}.Release|Any CPU.Build.0 = Release|Any CPU
		{20C45668-7757-45D8-82E8-1E31E89F48A6}.Release|x64.ActiveCfg = Release|Any CPU
		{20C45668-7757-45D8-82E8-1E31E89F48A6}.Release|x64.Build.0 = Release|Any CPU
		{20C45668-7757-45D8-82E8-1E31E89F48A6}.Release|x86.ActiveCfg = Release|Any CPU
		{20C45668-7757-45D8-82E8-1E31E89F48A6}.Release|x86.Build.0 = Release|Any CPU
		{4E163D28-B231-4432-989F-8A84610F3A8E}.Debug|Any CPU.ActiveCfg = Debug|Any CPU
		{4E163D28-B231-4432-989F-8A84610F3A8E}.Debug|Any CPU.Build.0 = Debug|Any CPU
		{4E163D28-B231-4432-989F-8A84610F3A8E}.Debug|x64.ActiveCfg = Debug|Any CPU
		{4E163D28-B231-4432-989F-8A84610F3A8E}.Debug|x64.Build.0 = Debug|Any CPU
		{4E163D28-B231-4432-989F-8A84610F3A8E}.Debug|x86.ActiveCfg = Debug|Any CPU
		{4E163D28-B231-4432-989F-8A84610F3A8E}.Debug|x86.Build.0 = Debug|Any CPU
		{4E163D28-B231-4432-989F-8A84610F3A8E}.Release|Any CPU.ActiveCfg = Release|Any CPU
		{4E163D28-B231-4432-989F-8A84610F3A8E}.Release|Any CPU.Build.0 = Release|Any CPU
		{4E163D28-B231-4432-989F-8A84610F3A8E}.Release|x64.ActiveCfg = Release|Any CPU
		{4E163D28-B231-4432-989F-8A84610F3A8E}.Release|x64.Build.0 = Release|Any CPU
		{4E163D28-B231-4432-989F-8A84610F3A8E}.Release|x86.ActiveCfg = Release|Any CPU
		{4E163D28-B231-4432-989F-8A84610F3A8E}.Release|x86.Build.0 = Release|Any CPU
		{8976312E-E24D-43DB-92D2-982414CCDF1A}.Debug|Any CPU.ActiveCfg = Debug|Any CPU
		{8976312E-E24D-43DB-92D2-982414CCDF1A}.Debug|Any CPU.Build.0 = Debug|Any CPU
		{8976312E-E24D-43DB-92D2-982414CCDF1A}.Debug|x64.ActiveCfg = Debug|Any CPU
		{8976312E-E24D-43DB-92D2-982414CCDF1A}.Debug|x64.Build.0 = Debug|Any CPU
		{8976312E-E24D-43DB-92D2-982414CCDF1A}.Debug|x86.ActiveCfg = Debug|Any CPU
		{8976312E-E24D-43DB-92D2-982414CCDF1A}.Debug|x86.Build.0 = Debug|Any CPU
		{8976312E-E24D-43DB-92D2-982414CCDF1A}.Release|Any CPU.ActiveCfg = Release|Any CPU
		{8976312E-E24D-43DB-92D2-982414CCDF1A}.Release|Any CPU.Build.0 = Release|Any CPU
		{8976312E-E24D-43DB-92D2-982414CCDF1A}.Release|x64.ActiveCfg = Release|Any CPU
		{8976312E-E24D-43DB-92D2-982414CCDF1A}.Release|x64.Build.0 = Release|Any CPU
		{8976312E-E24D-43DB-92D2-982414CCDF1A}.Release|x86.ActiveCfg = Release|Any CPU
		{8976312E-E24D-43DB-92D2-982414CCDF1A}.Release|x86.Build.0 = Release|Any CPU
		{D31556B0-2878-4B7C-850B-1CABD855450F}.Debug|Any CPU.ActiveCfg = Debug|Any CPU
		{D31556B0-2878-4B7C-850B-1CABD855450F}.Debug|Any CPU.Build.0 = Debug|Any CPU
		{D31556B0-2878-4B7C-850B-1CABD855450F}.Debug|x64.ActiveCfg = Debug|Any CPU
		{D31556B0-2878-4B7C-850B-1CABD855450F}.Debug|x64.Build.0 = Debug|Any CPU
		{D31556B0-2878-4B7C-850B-1CABD855450F}.Debug|x86.ActiveCfg = Debug|Any CPU
		{D31556B0-2878-4B7C-850B-1CABD855450F}.Debug|x86.Build.0 = Debug|Any CPU
		{D31556B0-2878-4B7C-850B-1CABD855450F}.Release|Any CPU.ActiveCfg = Release|Any CPU
		{D31556B0-2878-4B7C-850B-1CABD855450F}.Release|Any CPU.Build.0 = Release|Any CPU
		{D31556B0-2878-4B7C-850B-1CABD855450F}.Release|x64.ActiveCfg = Release|Any CPU
		{D31556B0-2878-4B7C-850B-1CABD855450F}.Release|x64.Build.0 = Release|Any CPU
		{D31556B0-2878-4B7C-850B-1CABD855450F}.Release|x86.ActiveCfg = Release|Any CPU
		{D31556B0-2878-4B7C-850B-1CABD855450F}.Release|x86.Build.0 = Release|Any CPU
	EndGlobalSection
	GlobalSection(SolutionProperties) = preSolution
		HideSolutionNode = FALSE
	EndGlobalSection
	GlobalSection(NestedProjects) = preSolution
		{91BE7A89-46AA-481D-90FD-EA8D7241AB84} = {827E0CD3-B72D-47B6-A68D-7590B98EB39B}
		{20C45668-7757-45D8-82E8-1E31E89F48A6} = {827E0CD3-B72D-47B6-A68D-7590B98EB39B}
		{4E163D28-B231-4432-989F-8A84610F3A8E} = {0AB3BF05-4346-4AA6-1389-037BE0695223}
		{8976312E-E24D-43DB-92D2-982414CCDF1A} = {827E0CD3-B72D-47B6-A68D-7590B98EB39B}
		{D31556B0-2878-4B7C-850B-1CABD855450F} = {0AB3BF05-4346-4AA6-1389-037BE0695223}
	EndGlobalSection
EndGlobal
